<?xml version="1.0" encoding="utf-8"?>
<Project ToolsVersion="4.0" xmlns="http://schemas.microsoft.com/developer/msbuild/2003">
  <ItemGroup>
    <Filter Include="Source Files">
      <UniqueIdentifier>{93af4cfa-06ec-4e37-9748-e424690bb0dd}</UniqueIdentifier>
      <Extensions>cpp;c;cxx;rc;def;r;odl;idl;hpj;bat</Extensions>
    </Filter>
    <Filter Include="Header Files">
      <UniqueIdentifier>{808813d0-9aad-4f97-acd1-da47c1bb12d1}</UniqueIdentifier>
      <Extensions>h;hpp;hxx;hm;inl</Extensions>
    </Filter>
    <Filter Include="Resource Files">
      <UniqueIdentifier>{a9dea4bc-b4d2-472c-b7ee-8d4784fb4663}</UniqueIdentifier>
      <Extensions>ico;cur;bmp;dlg;rc2;rct;bin;rgs;gif;jpg;jpeg;jpe</Extensions>
    </Filter>
  </ItemGroup>
  <ItemGroup>
    <ClCompile Include="putty\cproxy.c">
      <Filter>Source Files</Filter>
    </ClCompile>
    <ClCompile Include="putty\pinger.c">
      <Filter>Source Files</Filter>
    </ClCompile>
    <ClCompile Include="pl_psftp.c">
      <Filter>Source Files</Filter>
    </ClCompile>
    <ClCompile Include="putty\pproxy.c">
      <Filter>Source Files</Filter>
    </ClCompile>
    <ClCompile Include="PuttyLib.cpp">
      <Filter>Source Files</Filter>
    </ClCompile>
    <ClCompile Include="..\shared\sftp4tc_share.c">
      <Filter>Source Files</Filter>
    </ClCompile>
    <ClCompile Include="putty\time.c">
      <Filter>Source Files</Filter>
    </ClCompile>
    <ClCompile Include="putty\timing.c">
      <Filter>Source Files</Filter>
    </ClCompile>
    <ClCompile Include="putty\windows\wincfg.c">
      <Filter>Source Files</Filter>
    </ClCompile>
    <ClCompile Include="putty\windows\winctrls.c">
      <Filter>Source Files</Filter>
    </ClCompile>
    <ClCompile Include="putty\windows\windefs.c">
      <Filter>Source Files</Filter>
    </ClCompile>
    <ClCompile Include="putty\windows\windlg.c">
      <Filter>Source Files</Filter>
    </ClCompile>
    <ClCompile Include="putty\windows\winmisc.c">
      <Filter>Source Files</Filter>
    </ClCompile>
    <ClCompile Include="putty\windows\winnet.c">
      <Filter>Source Files</Filter>
    </ClCompile>
    <ClCompile Include="putty\windows\winnoise.c">
      <Filter>Source Files</Filter>
    </ClCompile>
    <ClCompile Include="putty\windows\winpgntc.c">
      <Filter>Source Files</Filter>
    </ClCompile>
    <ClCompile Include="putty\windows\winsftp.c">
      <Filter>Source Files</Filter>
    </ClCompile>
    <ClCompile Include="putty\windows\winstore.c">
      <Filter>Source Files</Filter>
    </ClCompile>
    <ClCompile Include="putty\windows\winutils.c">
      <Filter>Source Files</Filter>
    </ClCompile>
    <ClCompile Include="putty\pgssapi.c">
      <Filter>Source Files</Filter>
    </ClCompile>
    <ClCompile Include="putty\conf.c">
      <Filter>Source Files</Filter>
    </ClCompile>
    <ClCompile Include="putty\windows\winjump.c">
      <Filter>Source Files</Filter>
    </ClCompile>
    <ClCompile Include="putty\windows\winhandl.c">
      <Filter>Source Files</Filter>
    </ClCompile>
    <ClCompile Include="putty\windows\winucs.c">
      <Filter>Source Files</Filter>
    </ClCompile>
    <ClCompile Include="putty\windows\winhelp.c">
      <Filter>Source Files</Filter>
    </ClCompile>
    <ClCompile Include="putty\psftp.c">
      <Filter>Source Files</Filter>
    </ClCompile>
    <ClCompile Include="putty\config.c">
      <Filter>Source Files</Filter>
    </ClCompile>
    <ClCompile Include="putty\be_all.c">
      <Filter>Source Files</Filter>
    </ClCompile>
    <ClCompile Include="putty\dialog.c">
      <Filter>Source Files</Filter>
    </ClCompile>
    <ClCompile Include="putty\import.c">
      <Filter>Source Files</Filter>
    </ClCompile>
    <ClCompile Include="putty\int64.c">
      <Filter>Source Files</Filter>
    </ClCompile>
    <ClCompile Include="putty\logging.c">
      <Filter>Source Files</Filter>
    </ClCompile>
    <ClCompile Include="putty\misc.c">
      <Filter>Source Files</Filter>
    </ClCompile>
    <ClCompile Include="putty\noprint.c">
      <Filter>Source Files</Filter>
    </ClCompile>
    <ClCompile Include="putty\settings.c">
      <Filter>Source Files</Filter>
    </ClCompile>
    <ClCompile Include="putty\sftp.c">
      <Filter>Source Files</Filter>
    </ClCompile>
    <ClCompile Include="putty\tree234.c">
      <Filter>Source Files</Filter>
    </ClCompile>
    <ClCompile Include="putty\version.c">
      <Filter>Source Files</Filter>
    </ClCompile>
    <ClCompile Include="putty\wcwidth.c">
      <Filter>Source Files</Filter>
    </ClCompile>
    <ClCompile Include="putty\wildcard.c">
      <Filter>Source Files</Filter>
    </ClCompile>
    <ClCompile Include="C:\develop\workspaces\workspace\sftp4tc\PuttyLib\putty\proxy.c">
      <Filter>Source Files</Filter>
    </ClCompile>
    <ClCompile Include="putty\callback.c">
      <Filter>Source Files</Filter>
    </ClCompile>
    <ClCompile Include="putty\ssh.c">
      <Filter>Source Files</Filter>
    </ClCompile>
    <ClCompile Include="putty\winsecur.c">
      <Filter>Source Files</Filter>
    </ClCompile>
    <ClCompile Include="putty\sshaes.c">
      <Filter>Source Files</Filter>
    </ClCompile>
    <ClCompile Include="putty\ssharcf.c">
      <Filter>Source Files</Filter>
    </ClCompile>
    <ClCompile Include="putty\sshbcrypt.c">
      <Filter>Source Files</Filter>
    </ClCompile>
    <ClCompile Include="putty\sshblowf.c">
      <Filter>Source Files</Filter>
    </ClCompile>
    <ClCompile Include="putty\sshbn.c">
      <Filter>Source Files</Filter>
    </ClCompile>
    <ClCompile Include="putty\sshccp.c">
      <Filter>Source Files</Filter>
    </ClCompile>
    <ClCompile Include="putty\sshcrc.c">
      <Filter>Source Files</Filter>
    </ClCompile>
    <ClCompile Include="putty\sshcrcda.c">
      <Filter>Source Files</Filter>
    </ClCompile>
    <ClCompile Include="putty\sshdes.c">
      <Filter>Source Files</Filter>
    </ClCompile>
    <ClCompile Include="putty\sshdh.c">
      <Filter>Source Files</Filter>
    </ClCompile>
    <ClCompile Include="putty\sshdss.c">
      <Filter>Source Files</Filter>
    </ClCompile>
    <ClCompile Include="putty\sshdssg.c">
      <Filter>Source Files</Filter>
    </ClCompile>
    <ClCompile Include="putty\sshecc.c">
      <Filter>Source Files</Filter>
    </ClCompile>
    <ClCompile Include="putty\sshecdsag.c">
      <Filter>Source Files</Filter>
    </ClCompile>
    <ClCompile Include="putty\sshgssc.c">
      <Filter>Source Files</Filter>
    </ClCompile>
    <ClCompile Include="putty\sshmd5.c">
      <Filter>Source Files</Filter>
    </ClCompile>
    <ClCompile Include="putty\sshnogss.c">
      <Filter>Source Files</Filter>
    </ClCompile>
    <ClCompile Include="putty\sshprime.c">
      <Filter>Source Files</Filter>
    </ClCompile>
    <ClCompile Include="putty\sshpubk.c">
      <Filter>Source Files</Filter>
    </ClCompile>
    <ClCompile Include="putty\sshrand.c">
      <Filter>Source Files</Filter>
    </ClCompile>
    <ClCompile Include="putty\sshrsa.c">
      <Filter>Source Files</Filter>
    </ClCompile>
    <ClCompile Include="putty\sshrsag.c">
      <Filter>Source Files</Filter>
    </ClCompile>
    <ClCompile Include="putty\sshsh256.c">
      <Filter>Source Files</Filter>
    </ClCompile>
    <ClCompile Include="putty\sshsh512.c">
      <Filter>Source Files</Filter>
    </ClCompile>
    <ClCompile Include="putty\sshsha.c">
      <Filter>Source Files</Filter>
    </ClCompile>
    <ClCompile Include="putty\sshzlib.c">
      <Filter>Source Files</Filter>
    </ClCompile>
    <ClCompile Include="putty\be_misc.c">
      <Filter>Source Files</Filter>
    </ClCompile>
    <ClCompile Include="putty\windows\wincons.c">
      <Filter>Source Files</Filter>
    </ClCompile>
    <ClCompile Include="putty\nogss.c">
      <Filter>Source Files</Filter>
    </ClCompile>
  </ItemGroup>
  <ItemGroup>
    <None Include="PuttyLib.def">
      <Filter>Source Files</Filter>
    </None>
    <None Include="ReadMe.txt" />
    <None Include="putty\windows\putty.ico">
      <Filter>Resource Files</Filter>
    </None>
    <None Include="putty\windows\puttycfg.ico">
      <Filter>Resource Files</Filter>
    </None>
    <None Include="putty\windows\putty.mft" />
    <None Include="putty\windows\win_res.rc2">
      <Filter>Resource Files</Filter>
    </None>
  </ItemGroup>
  <ItemGroup>
    <ResourceCompile Include="PuttyLib.rc">
      <Filter>Resource Files</Filter>
    </ResourceCompile>
    <ResourceCompile Include="putty\windows\putty.rc">
      <Filter>Resource Files</Filter>
    </ResourceCompile>
  </ItemGroup>
  <ItemGroup>
    <ClInclude Include="pl_consts.h">
      <Filter>Header Files</Filter>
    </ClInclude>
    <ClInclude Include="pl_misc.h">
      <Filter>Header Files</Filter>
    </ClInclude>
    <ClInclude Include="PuttyLib.h">
      <Filter>Header Files</Filter>
    </ClInclude>
    <ClInclude Include="putty\puttyps.h">
      <Filter>Header Files</Filter>
    </ClInclude>
    <ClInclude Include="..\shared\sftp4tc_share.h">
      <Filter>Header Files</Filter>
    </ClInclude>
    <ClInclude Include="StdAfx.h">
      <Filter>Header Files</Filter>
    </ClInclude>
    <ClInclude Include="putty\windows\win_res.h">
      <Filter>Header Files</Filter>
    </ClInclude>
    <ClInclude Include="putty\windows\winhelp.h">
      <Filter>Header Files</Filter>
    </ClInclude>
    <ClInclude Include="putty\windows\winstuff.h">
      <Filter>Header Files</Filter>
    </ClInclude>
    <ClInclude Include="resource.h">
      <Filter>Header Files</Filter>
    </ClInclude>
    <ClInclude Include="puttyver.h">
      <Filter>Header Files</Filter>
    </ClInclude>
    <ClInclude Include="putty\dialog.h">
      <Filter>Header Files</Filter>
    </ClInclude>
    <ClInclude Include="putty\int64.h">
      <Filter>Header Files</Filter>
    </ClInclude>
    <ClInclude Include="putty\ldisc.h">
      <Filter>Header Files</Filter>
    </ClInclude>
    <ClInclude Include="putty\licence.h">
      <Filter>Header Files</Filter>
    </ClInclude>
    <ClInclude Include="putty\misc.h">
      <Filter>Header Files</Filter>
    </ClInclude>
    <ClInclude Include="putty\network.h">
      <Filter>Header Files</Filter>
    </ClInclude>
    <ClInclude Include="putty\pgssapi.h">
      <Filter>Header Files</Filter>
    </ClInclude>
    <ClInclude Include="putty\proxy.h">
      <Filter>Header Files</Filter>
    </ClInclude>
    <ClInclude Include="putty\psftp.h">
      <Filter>Header Files</Filter>
    </ClInclude>
    <ClInclude Include="putty\putty.h">
      <Filter>Header Files</Filter>
    </ClInclude>
    <ClInclude Include="putty\ssh.h">
      <Filter>Header Files</Filter>
    </ClInclude>
    <ClInclude Include="putty\sshblowf.h">
      <Filter>Header Files</Filter>
    </ClInclude>
    <ClInclude Include="putty\sshbn.h">
      <Filter>Header Files</Filter>
    </ClInclude>
    <ClInclude Include="putty\sshgss.h">
      <Filter>Header Files</Filter>
    </ClInclude>
    <ClInclude Include="putty\sshgssc.h">
      <Filter>Header Files</Filter>
    </ClInclude>
    <ClInclude Include="putty\storage.h">
      <Filter>Header Files</Filter>
    </ClInclude>
    <ClInclude Include="putty\tree234.h">
      <Filter>Header Files</Filter>
    </ClInclude>
    <ClInclude Include="putty\version.h">
      <Filter>Header Files</Filter>
    </ClInclude>
    <ClInclude Include="putty\winsecur.h">
      <Filter>Header Files</Filter>
    </ClInclude>
  </ItemGroup>
</Project>